{
  "originHash" : "c1bc124562d8c5fc1619f5f34bb123a66f9587f2f949b4ae0b7e2ab997a5a41b",
  "pins" : [
    {
      "identity" : "gcdwebserver",
      "kind" : "remoteSourceControl",
      "location" : "https://github.com/yene/GCDWebServer.git",
      "state" : {
        "branch" : "master",
        "revision" : "913d6155396b7f8cad02420719177a2737e3d85a"
      }
    }
  ],
  "version" : 3
}
